
Microsoft Visual Studio Solution File, Format Version 12.00
# Visual Studio 15
Project("{FAE04EC0-301F-11D3-BF4B-00C04F79EFBC}") = "Pipeline.Api", "source\Pipeline.Api\Pipeline.Api.csproj", "{6CA3460F-EC9F-4F77-9B52-B9824302A992}"
EndProject
Project("{FAE04EC0-301F-11D3-BF4B-00C04F79EFBC}") = "Pipeline.Api.Test.Integration", "source\Pipeline.Api.Test.Integration\Pipeline.Api.Test.Integration.csproj", "{3E7D053B-86E3-4AF6-839F-517D8C8696F3}"
EndProject
Project("{FAE04EC0-301F-11D3-BF4B-00C04F79EFBC}") = "Pipeline.Api.Test.Unit", "source\Pipeline.Api.Test.Unit\Pipeline.Api.Test.Unit.csproj", "{B373CCE9-85D0-4664-B062-4E08E5F1316F}"
EndProject
Global
	GlobalSection(SolutionConfigurationPlatforms) = preSolution
		Debug|Any CPU = Debug|Any CPU
		Release|Any CPU = Release|Any CPU
	EndGlobalSection
	GlobalSection(ProjectConfigurationPlatforms) = postSolution
		{6CA3460F-EC9F-4F77-9B52-B9824302A992}.Debug|Any CPU.ActiveCfg = Debug|Any CPU
		{6CA3460F-EC9F-4F77-9B52-B9824302A992}.Debug|Any CPU.Build.0 = Debug|Any CPU
		{6CA3460F-EC9F-4F77-9B52-B9824302A992}.Release|Any CPU.ActiveCfg = Release|Any CPU
		{6CA3460F-EC9F-4F77-9B52-B9824302A992}.Release|Any CPU.Build.0 = Release|Any CPU
		{3E7D053B-86E3-4AF6-839F-517D8C8696F3}.Debug|Any CPU.ActiveCfg = Debug|Any CPU
		{3E7D053B-86E3-4AF6-839F-517D8C8696F3}.Debug|Any CPU.Build.0 = Debug|Any CPU
		{3E7D053B-86E3-4AF6-839F-517D8C8696F3}.Release|Any CPU.ActiveCfg = Release|Any CPU
		{3E7D053B-86E3-4AF6-839F-517D8C8696F3}.Release|Any CPU.Build.0 = Release|Any CPU
		{B373CCE9-85D0-4664-B062-4E08E5F1316F}.Debug|Any CPU.ActiveCfg = Debug|Any CPU
		{B373CCE9-85D0-4664-B062-4E08E5F1316F}.Debug|Any CPU.Build.0 = Debug|Any CPU
		{B373CCE9-85D0-4664-B062-4E08E5F1316F}.Release|Any CPU.ActiveCfg = Release|Any CPU
		{B373CCE9-85D0-4664-B062-4E08E5F1316F}.Release|Any CPU.Build.0 = Release|Any CPU
	EndGlobalSection
EndGlobal
